
Microsoft Visual Studio Solution File, Format Version 12.00
# Visual Studio Version 16
VisualStudioVersion = 16.0.30406.217
MinimumVisualStudioVersion = 10.0.40219.1
Project("{FAE04EC0-301F-11D3-BF4B-00C04F79EFBC}") = "ApiGuimaraesEletronica-v1", "ApiGuimaraesEletronica-v1.csproj", "{5A47A50F-27F5-47B2-B924-6C20A626AA22}"
EndProject
Global
	GlobalSection(SolutionConfigurationPlatforms) = preSolution
		Debug|Any CPU = Debug|Any CPU
		Release|Any CPU = Release|Any CPU
	EndGlobalSection
	GlobalSection(ProjectConfigurationPlatforms) = postSolution
		{5A47A50F-27F5-47B2-B924-6C20A626AA22}.Debug|Any CPU.ActiveCfg = Debug|Any CPU
		{5A47A50F-27F5-47B2-B924-6C20A626AA22}.Debug|Any CPU.Build.0 = Debug|Any CPU
		{5A47A50F-27F5-47B2-B924-6C20A626AA22}.Release|Any CPU.ActiveCfg = Release|Any CPU
		{5A47A50F-27F5-47B2-B924-6C20A626AA22}.Release|Any CPU.Build.0 = Release|Any CPU
	EndGlobalSection
	GlobalSection(SolutionProperties) = preSolution
		HideSolutionNode = FALSE
	EndGlobalSection
	GlobalSection(ExtensibilityGlobals) = postSolution
		SolutionGuid = {A09716A2-CA80-4CAD-9D40-C567B96BCB97}
	EndGlobalSection
EndGlobal
